
Microsoft Visual Studio Solution File, Format Version 12.00
# Visual Studio Version 16
VisualStudioVersion = 16.0.30717.126
MinimumVisualStudioVersion = 10.0.40219.1
Project("{9A19103F-16F7-4668-BE54-9A1E7A4F7556}") = "Server", "Chat\Server.csproj", "{40665D87-7FE3-4603-908B-6112B9291E8F}"
EndProject
Project("{9A19103F-16F7-4668-BE54-9A1E7A4F7556}") = "Client.BL", "ClientLib\Client.BL.csproj", "{0BC55514-C501-484D-B9A3-4FD34808F200}"
EndProject
Project("{9A19103F-16F7-4668-BE54-9A1E7A4F7556}") = "ClientWF.View", "Client\ClientWF.View.csproj", "{7FE7719A-731C-4D3D-996A-990CC6938349}"
EndProject
Global
	GlobalSection(SolutionConfigurationPlatforms) = preSolution
		Debug|Any CPU = Debug|Any CPU
		Release|Any CPU = Release|Any CPU
	EndGlobalSection
	GlobalSection(ProjectConfigurationPlatforms) = postSolution
		{40665D87-7FE3-4603-908B-6112B9291E8F}.Debug|Any CPU.ActiveCfg = Debug|Any CPU
		{40665D87-7FE3-4603-908B-6112B9291E8F}.Debug|Any CPU.Build.0 = Debug|Any CPU
		{40665D87-7FE3-4603-908B-6112B9291E8F}.Release|Any CPU.ActiveCfg = Release|Any CPU
		{40665D87-7FE3-4603-908B-6112B9291E8F}.Release|Any CPU.Build.0 = Release|Any CPU
		{0BC55514-C501-484D-B9A3-4FD34808F200}.Debug|Any CPU.ActiveCfg = Debug|Any CPU
		{0BC55514-C501-484D-B9A3-4FD34808F200}.Debug|Any CPU.Build.0 = Debug|Any CPU
		{0BC55514-C501-484D-B9A3-4FD34808F200}.Release|Any CPU.ActiveCfg = Release|Any CPU
		{0BC55514-C501-484D-B9A3-4FD34808F200}.Release|Any CPU.Build.0 = Release|Any CPU
		{7FE7719A-731C-4D3D-996A-990CC6938349}.Debug|Any CPU.ActiveCfg = Debug|Any CPU
		{7FE7719A-731C-4D3D-996A-990CC6938349}.Debug|Any CPU.Build.0 = Debug|Any CPU
		{7FE7719A-731C-4D3D-996A-990CC6938349}.Release|Any CPU.ActiveCfg = Release|Any CPU
		{7FE7719A-731C-4D3D-996A-990CC6938349}.Release|Any CPU.Build.0 = Release|Any CPU
	EndGlobalSection
	GlobalSection(SolutionProperties) = preSolution
		HideSolutionNode = FALSE
	EndGlobalSection
	GlobalSection(ExtensibilityGlobals) = postSolution
		SolutionGuid = {7319794C-FBFF-4093-A9BB-3A1863A60401}
	EndGlobalSection
EndGlobal
